
Microsoft Visual Studio Solution File, Format Version 12.00
# Visual Studio Version 16
VisualStudioVersion = 16.0.30804.86
MinimumVisualStudioVersion = 10.0.40219.1
Project("{FAE04EC0-301F-11D3-BF4B-00C04F79EFBC}") = "Exercice 1", "Exercice 1\Exercice 1.csproj", "{645D04B7-B27C-4DFA-A29A-265750EBE542}"
EndProject
Project("{FAE04EC0-301F-11D3-BF4B-00C04F79EFBC}") = "Exercice 2", "Exercice 2\Exercice 2.csproj", "{2DDAF08E-AEA0-4A75-989F-22691B70EC6E}"
EndProject
Project("{FAE04EC0-301F-11D3-BF4B-00C04F79EFBC}") = "Exercice 3", "Exercice 3\Exercice 3.csproj", "{393049AE-60D2-4FB5-96B4-408E5CAE8A72}"
EndProject
Global
	GlobalSection(SolutionConfigurationPlatforms) = preSolution
		Debug|Any CPU = Debug|Any CPU
		Release|Any CPU = Release|Any CPU
	EndGlobalSection
	GlobalSection(ProjectConfigurationPlatforms) = postSolution
		{645D04B7-B27C-4DFA-A29A-265750EBE542}.Debug|Any CPU.ActiveCfg = Debug|Any CPU
		{645D04B7-B27C-4DFA-A29A-265750EBE542}.Debug|Any CPU.Build.0 = Debug|Any CPU
		{645D04B7-B27C-4DFA-A29A-265750EBE542}.Release|Any CPU.ActiveCfg = Release|Any CPU
		{645D04B7-B27C-4DFA-A29A-265750EBE542}.Release|Any CPU.Build.0 = Release|Any CPU
		{2DDAF08E-AEA0-4A75-989F-22691B70EC6E}.Debug|Any CPU.ActiveCfg = Debug|Any CPU
		{2DDAF08E-AEA0-4A75-989F-22691B70EC6E}.Debug|Any CPU.Build.0 = Debug|Any CPU
		{2DDAF08E-AEA0-4A75-989F-22691B70EC6E}.Release|Any CPU.ActiveCfg = Release|Any CPU
		{2DDAF08E-AEA0-4A75-989F-22691B70EC6E}.Release|Any CPU.Build.0 = Release|Any CPU
		{393049AE-60D2-4FB5-96B4-408E5CAE8A72}.Debug|Any CPU.ActiveCfg = Debug|Any CPU
		{393049AE-60D2-4FB5-96B4-408E5CAE8A72}.Debug|Any CPU.Build.0 = Debug|Any CPU
		{393049AE-60D2-4FB5-96B4-408E5CAE8A72}.Release|Any CPU.ActiveCfg = Release|Any CPU
		{393049AE-60D2-4FB5-96B4-408E5CAE8A72}.Release|Any CPU.Build.0 = Release|Any CPU
	EndGlobalSection
	GlobalSection(SolutionProperties) = preSolution
		HideSolutionNode = FALSE
	EndGlobalSection
	GlobalSection(ExtensibilityGlobals) = postSolution
		SolutionGuid = {AA3BB119-EAC9-4C52-B6FF-16C16E203DE4}
	EndGlobalSection
EndGlobal
